
Microsoft Visual Studio Solution File, Format Version 12.00
# Visual Studio 15
VisualStudioVersion = 15.0.28010.0
MinimumVisualStudioVersion = 10.0.40219.1
Project("{8BC9CEB8-8B4A-11D0-8D11-00A0C91BC942}") = "get_line", "get_line\get_line.vcxproj", "{234FE534-FE13-4652-B07E-5AF543A80777}"
EndProject
Project("{8BC9CEB8-8B4A-11D0-8D11-00A0C91BC942}") = "get_roi", "get_roi\get_roi.vcxproj", "{A327B405-9E6B-4138-A753-C527E3BB0ECE}"
EndProject
Project("{8BC9CEB8-8B4A-11D0-8D11-00A0C91BC942}") = "shore_line_seg", "shore_line_seg\shore_line_seg.vcxproj", "{D32E4C91-524A-4E80-9D86-8982A6BBAF14}"
EndProject
Global
	GlobalSection(SolutionConfigurationPlatforms) = preSolution
		Debug|x64 = Debug|x64
		Debug|x86 = Debug|x86
		Release|x64 = Release|x64
		Release|x86 = Release|x86
	EndGlobalSection
	GlobalSection(ProjectConfigurationPlatforms) = postSolution
		{234FE534-FE13-4652-B07E-5AF543A80777}.Debug|x64.ActiveCfg = Debug|Win32
		{234FE534-FE13-4652-B07E-5AF543A80777}.Debug|x86.ActiveCfg = Debug|Win32
		{234FE534-FE13-4652-B07E-5AF543A80777}.Debug|x86.Build.0 = Debug|Win32
		{234FE534-FE13-4652-B07E-5AF543A80777}.Release|x64.ActiveCfg = Release|Win32
		{234FE534-FE13-4652-B07E-5AF543A80777}.Release|x86.ActiveCfg = Release|Win32
		{234FE534-FE13-4652-B07E-5AF543A80777}.Release|x86.Build.0 = Release|Win32
		{A327B405-9E6B-4138-A753-C527E3BB0ECE}.Debug|x64.ActiveCfg = Debug|Win32
		{A327B405-9E6B-4138-A753-C527E3BB0ECE}.Debug|x86.ActiveCfg = Debug|Win32
		{A327B405-9E6B-4138-A753-C527E3BB0ECE}.Debug|x86.Build.0 = Debug|Win32
		{A327B405-9E6B-4138-A753-C527E3BB0ECE}.Release|x64.ActiveCfg = Release|Win32
		{A327B405-9E6B-4138-A753-C527E3BB0ECE}.Release|x86.ActiveCfg = Release|Win32
		{A327B405-9E6B-4138-A753-C527E3BB0ECE}.Release|x86.Build.0 = Release|Win32
		{D32E4C91-524A-4E80-9D86-8982A6BBAF14}.Debug|x64.ActiveCfg = Debug|x64
		{D32E4C91-524A-4E80-9D86-8982A6BBAF14}.Debug|x64.Build.0 = Debug|x64
		{D32E4C91-524A-4E80-9D86-8982A6BBAF14}.Debug|x86.ActiveCfg = Debug|Win32
		{D32E4C91-524A-4E80-9D86-8982A6BBAF14}.Debug|x86.Build.0 = Debug|Win32
		{D32E4C91-524A-4E80-9D86-8982A6BBAF14}.Release|x64.ActiveCfg = Release|x64
		{D32E4C91-524A-4E80-9D86-8982A6BBAF14}.Release|x64.Build.0 = Release|x64
		{D32E4C91-524A-4E80-9D86-8982A6BBAF14}.Release|x86.ActiveCfg = Release|Win32
		{D32E4C91-524A-4E80-9D86-8982A6BBAF14}.Release|x86.Build.0 = Release|Win32
	EndGlobalSection
	GlobalSection(SolutionProperties) = preSolution
		HideSolutionNode = FALSE
	EndGlobalSection
	GlobalSection(ExtensibilityGlobals) = postSolution
		SolutionGuid = {D57F89B4-30ED-4EAE-BC9B-AD1CC543947D}
	EndGlobalSection
EndGlobal
